
Microsoft Visual Studio Solution File, Format Version 12.00
Project("{FAE04EC0-301F-11D3-BF4B-00C04F79EFBC}") = "Todo-App-Task", "Todo-App-Task\Todo-App-Task.csproj", "{B6851D4A-F2D0-4832-A185-1F26D42482BF}"
EndProject
Project("{FAE04EC0-301F-11D3-BF4B-00C04F79EFBC}") = "Todo-App-Task-UnitTests", "Todo-App-Task-UnitTests\Todo-App-Task-UnitTests.csproj", "{F280B897-3165-4197-A09A-ABCE3D608828}"
EndProject
Global
	GlobalSection(SolutionConfigurationPlatforms) = preSolution
		Debug|Any CPU = Debug|Any CPU
		Release|Any CPU = Release|Any CPU
	EndGlobalSection
	GlobalSection(ProjectConfigurationPlatforms) = postSolution
		{B6851D4A-F2D0-4832-A185-1F26D42482BF}.Debug|Any CPU.ActiveCfg = Debug|Any CPU
		{B6851D4A-F2D0-4832-A185-1F26D42482BF}.Debug|Any CPU.Build.0 = Debug|Any CPU
		{B6851D4A-F2D0-4832-A185-1F26D42482BF}.Release|Any CPU.ActiveCfg = Release|Any CPU
		{B6851D4A-F2D0-4832-A185-1F26D42482BF}.Release|Any CPU.Build.0 = Release|Any CPU
		{F280B897-3165-4197-A09A-ABCE3D608828}.Debug|Any CPU.ActiveCfg = Debug|Any CPU
		{F280B897-3165-4197-A09A-ABCE3D608828}.Debug|Any CPU.Build.0 = Debug|Any CPU
		{F280B897-3165-4197-A09A-ABCE3D608828}.Release|Any CPU.ActiveCfg = Release|Any CPU
		{F280B897-3165-4197-A09A-ABCE3D608828}.Release|Any CPU.Build.0 = Release|Any CPU
	EndGlobalSection
EndGlobal
